
Microsoft Visual Studio Solution File, Format Version 12.00
# Visual Studio 15
VisualStudioVersion = 15.0.27703.2026
MinimumVisualStudioVersion = 10.0.40219.1
Project("{FAE04EC0-301F-11D3-BF4B-00C04F79EFBC}") = "Insta-Unblock", "Insta-Unblock\Insta-Unblock.csproj", "{BB2FA458-EBE5-409C-95D3-0307D9E9F097}"
EndProject
Project("{FAE04EC0-301F-11D3-BF4B-00C04F79EFBC}") = "Insta-Unblock-Plugin", "Insta-Unblock-Plugin\Insta-Unblock-Plugin.csproj", "{A25BE721-2E7E-45E9-B9BE-1F29D2E048C6}"
EndProject
Project("{FAE04EC0-301F-11D3-BF4B-00C04F79EFBC}") = "SinglePluginHost", "SinglePluginHost\SinglePluginHost.csproj", "{1AA662FD-9DDE-4638-B2B5-2367268B5B96}"
	ProjectSection(ProjectDependencies) = postProject
		{A25BE721-2E7E-45E9-B9BE-1F29D2E048C6} = {A25BE721-2E7E-45E9-B9BE-1F29D2E048C6}
	EndProjectSection
EndProject
Global
	GlobalSection(SolutionConfigurationPlatforms) = preSolution
		Debug|x64 = Debug|x64
		Release|x64 = Release|x64
	EndGlobalSection
	GlobalSection(ProjectConfigurationPlatforms) = postSolution
		{BB2FA458-EBE5-409C-95D3-0307D9E9F097}.Debug|x64.ActiveCfg = Debug|x64
		{BB2FA458-EBE5-409C-95D3-0307D9E9F097}.Debug|x64.Build.0 = Debug|x64
		{BB2FA458-EBE5-409C-95D3-0307D9E9F097}.Release|x64.ActiveCfg = Release|x64
		{BB2FA458-EBE5-409C-95D3-0307D9E9F097}.Release|x64.Build.0 = Release|x64
		{A25BE721-2E7E-45E9-B9BE-1F29D2E048C6}.Debug|x64.ActiveCfg = Debug|x64
		{A25BE721-2E7E-45E9-B9BE-1F29D2E048C6}.Debug|x64.Build.0 = Debug|x64
		{A25BE721-2E7E-45E9-B9BE-1F29D2E048C6}.Release|x64.ActiveCfg = Release|x64
		{A25BE721-2E7E-45E9-B9BE-1F29D2E048C6}.Release|x64.Build.0 = Release|x64
		{1AA662FD-9DDE-4638-B2B5-2367268B5B96}.Debug|x64.ActiveCfg = Debug|x64
		{1AA662FD-9DDE-4638-B2B5-2367268B5B96}.Debug|x64.Build.0 = Debug|x64
		{1AA662FD-9DDE-4638-B2B5-2367268B5B96}.Release|x64.ActiveCfg = Release|x64
		{1AA662FD-9DDE-4638-B2B5-2367268B5B96}.Release|x64.Build.0 = Release|x64
	EndGlobalSection
	GlobalSection(SolutionProperties) = preSolution
		HideSolutionNode = FALSE
	EndGlobalSection
	GlobalSection(ExtensibilityGlobals) = postSolution
		SolutionGuid = {A3BACED1-148A-4430-A2B6-AED5FCADD7CD}
	EndGlobalSection
EndGlobal
