
Microsoft Visual Studio Solution File, Format Version 12.00
# Visual Studio Version 16
VisualStudioVersion = 16.0.30621.155
MinimumVisualStudioVersion = 10.0.40219.1
Project("{9A19103F-16F7-4668-BE54-9A1E7A4F7556}") = "Insta-Unblock", "Insta-Unblock\Insta-Unblock.csproj", "{6CECC2AE-061A-4AFB-9395-7C40C8C0E69C}"
	ProjectSection(ProjectDependencies) = postProject
		{3544EEC7-A686-4D63-9DDD-24DB749ECE29} = {3544EEC7-A686-4D63-9DDD-24DB749ECE29}
	EndProjectSection
EndProject
Project("{9A19103F-16F7-4668-BE54-9A1E7A4F7556}") = "PreBuild", "PreBuild\PreBuild.csproj", "{1644C858-BB09-4A67-BA79-841968AFEFD4}"
EndProject
Project("{9A19103F-16F7-4668-BE54-9A1E7A4F7556}") = "Insta-Unblock-Plugin", "Insta-Unblock-Plugin\Insta-Unblock-Plugin.csproj", "{3544EEC7-A686-4D63-9DDD-24DB749ECE29}"
	ProjectSection(ProjectDependencies) = postProject
		{1644C858-BB09-4A67-BA79-841968AFEFD4} = {1644C858-BB09-4A67-BA79-841968AFEFD4}
	EndProjectSection
EndProject
Project("{2150E333-8FDC-42A3-9474-1A3956D46DE8}") = "Solution Items", "Solution Items", "{6F0A0825-CA7A-439F-8981-33FB09ECCB1D}"
	ProjectSection(SolutionItems) = preProject
		.editorconfig = .editorconfig
	EndProjectSection
EndProject
Global
	GlobalSection(SolutionConfigurationPlatforms) = preSolution
		Debug|x64 = Debug|x64
		Release|x64 = Release|x64
	EndGlobalSection
	GlobalSection(ProjectConfigurationPlatforms) = postSolution
		{6CECC2AE-061A-4AFB-9395-7C40C8C0E69C}.Debug|x64.ActiveCfg = Debug|x64
		{6CECC2AE-061A-4AFB-9395-7C40C8C0E69C}.Debug|x64.Build.0 = Debug|x64
		{6CECC2AE-061A-4AFB-9395-7C40C8C0E69C}.Release|x64.ActiveCfg = Release|x64
		{6CECC2AE-061A-4AFB-9395-7C40C8C0E69C}.Release|x64.Build.0 = Release|x64
		{1644C858-BB09-4A67-BA79-841968AFEFD4}.Debug|x64.ActiveCfg = Debug|x64
		{1644C858-BB09-4A67-BA79-841968AFEFD4}.Debug|x64.Build.0 = Debug|x64
		{1644C858-BB09-4A67-BA79-841968AFEFD4}.Release|x64.ActiveCfg = Release|x64
		{1644C858-BB09-4A67-BA79-841968AFEFD4}.Release|x64.Build.0 = Release|x64
		{3544EEC7-A686-4D63-9DDD-24DB749ECE29}.Debug|x64.ActiveCfg = Debug|x64
		{3544EEC7-A686-4D63-9DDD-24DB749ECE29}.Debug|x64.Build.0 = Debug|x64
		{3544EEC7-A686-4D63-9DDD-24DB749ECE29}.Release|x64.ActiveCfg = Release|x64
		{3544EEC7-A686-4D63-9DDD-24DB749ECE29}.Release|x64.Build.0 = Release|x64
	EndGlobalSection
	GlobalSection(SolutionProperties) = preSolution
		HideSolutionNode = FALSE
	EndGlobalSection
	GlobalSection(ExtensibilityGlobals) = postSolution
		SolutionGuid = {05352996-81EC-460D-BC25-C035C204B307}
	EndGlobalSection
EndGlobal
